
Microsoft Visual Studio Solution File, Format Version 12.00
# Visual Studio Version 17
VisualStudioVersion = 17.8.34408.163
MinimumVisualStudioVersion = 10.0.40219.1
Project("{8BC9CEB8-8B4A-11D0-8D11-00A0C91BC942}") = "BOJ_11728", "BOJ_11728.vcxproj", "{D0BFA70C-D330-4CAB-82E2-C3BD879BF5B0}"
EndProject
Global
	GlobalSection(SolutionConfigurationPlatforms) = preSolution
		Debug|x64 = Debug|x64
		Release|x64 = Release|x64
	EndGlobalSection
	GlobalSection(ProjectConfigurationPlatforms) = postSolution
		{D0BFA70C-D330-4CAB-82E2-C3BD879BF5B0}.Debug|x64.ActiveCfg = Debug|x64
		{D0BFA70C-D330-4CAB-82E2-C3BD879BF5B0}.Debug|x64.Build.0 = Debug|x64
		{D0BFA70C-D330-4CAB-82E2-C3BD879BF5B0}.Release|x64.ActiveCfg = Release|x64
		{D0BFA70C-D330-4CAB-82E2-C3BD879BF5B0}.Release|x64.Build.0 = Release|x64
	EndGlobalSection
	GlobalSection(SolutionProperties) = preSolution
		HideSolutionNode = FALSE
	EndGlobalSection
	GlobalSection(ExtensibilityGlobals) = postSolution
		SolutionGuid = {56CCA293-FF27-4894-BE8C-9CA92601D81D}
	EndGlobalSection
EndGlobal
